github.com/davecgh/go-spew v1.1.0 h1:ZDRjVQ15GmhC3fiQ8ni8+OwkZQO4DARzQgrnXU1Liz8=
github.com/pmezard/go-difflib v1.0.0 h1:4DBwDE0NGyQoBHbLQYPwSUPoCMWR5BEzIk/f1lZbAQM=
github.com/stretchr/testify v1.7.0 h1:nwc3DEeHmmLAfoZucVR881uASk0Mfjw8xYJ99tb5CcY=
github.com/weedge/gouring v0.0.0-20230419141631-a02ded170406 h1:JnZL+mFunNAqW0ML5LWQO5ZcsrStKQ3yWtM8aMba1Nk=
github.com/weedge/gouring v0.0.0-20230419141631-a02ded170406/go.mod h1:N0ZG7IecW/UozBekxKIptKcrzMkc7MJEAxnb4UdmEEM=
gopkg.in/yaml.v3 v3.0.0-20200313102051-9f266ea9e77c h1:dUUwHk2QECo/6vqA44rthZ8ie2QXMNeKRTHCNY2nXvo=
